// !$*UTF8*$!
{
	archiveVersion = 1;
	classes = {
	};
	objectVersion = 50;
	objects = {

/* Begin PBXBuildFile section */
		633031EB2326B67F0044B505 /* ArticulosParse.swift in Sources */ = {isa = PBXBuildFile; fileRef = 633031EA2326B67F0044B505 /* ArticulosParse.swift */; };
		636112112329A4D9005BF225 /* OfferTakenResponseParse.swift in Sources */ = {isa = PBXBuildFile; fileRef = 636112102329A4D9005BF225 /* OfferTakenResponseParse.swift */; };
		636BD4BC2339343500425E1E /* WhoAmIParse.swift in Sources */ = {isa = PBXBuildFile; fileRef = 636BD4BB2339343500425E1E /* WhoAmIParse.swift */; };
		63755D9422FDD05800D161FA /* a4SysCoreIOS.h in Headers */ = {isa = PBXBuildFile; fileRef = 63755D9222FDD05800D161FA /* a4SysCoreIOS.h */; settings = {ATTRIBUTES = (Public, ); }; };
		63755D9E22FDD08900D161FA /* ObjectMapper.framework in Frameworks */ = {isa = PBXBuildFile; fileRef = 63755D9B22FDD08800D161FA /* ObjectMapper.framework */; };
		63755D9F22FDD08900D161FA /* AlamofireObjectMapper.swift in Sources */ = {isa = PBXBuildFile; fileRef = 63755D9C22FDD08800D161FA /* AlamofireObjectMapper.swift */; };
		63755DA022FDD08900D161FA /* Alamofire.framework in Frameworks */ = {isa = PBXBuildFile; fileRef = 63755D9D22FDD08900D161FA /* Alamofire.framework */; };
		63755DA422FDD0E200D161FA /* UIColorExtension.swift in Sources */ = {isa = PBXBuildFile; fileRef = 63755DA222FDD0E200D161FA /* UIColorExtension.swift */; };
		63755DA522FDD0E200D161FA /* DateExtencion.swift in Sources */ = {isa = PBXBuildFile; fileRef = 63755DA322FDD0E200D161FA /* DateExtencion.swift */; };
		63755DAA22FDD0FE00D161FA /* Commons.swift in Sources */ = {isa = PBXBuildFile; fileRef = 63755DA722FDD0FE00D161FA /* Commons.swift */; };
		63755DAB22FDD0FE00D161FA /* Settings.swift in Sources */ = {isa = PBXBuildFile; fileRef = 63755DA822FDD0FE00D161FA /* Settings.swift */; };
		63755DAC22FDD0FE00D161FA /* LocationUtil.swift in Sources */ = {isa = PBXBuildFile; fileRef = 63755DA922FDD0FE00D161FA /* LocationUtil.swift */; };
		63755DAF22FDD11700D161FA /* Reachability.swift in Sources */ = {isa = PBXBuildFile; fileRef = 63755DAE22FDD11700D161FA /* Reachability.swift */; };
		63755DB322FDD14200D161FA /* Constants.swift in Sources */ = {isa = PBXBuildFile; fileRef = 63755DB222FDD14200D161FA /* Constants.swift */; };
		63755DB722FDD17F00D161FA /* Requests.swift in Sources */ = {isa = PBXBuildFile; fileRef = 63755DB622FDD17F00D161FA /* Requests.swift */; };
		63755DC022FDD19B00D161FA /* ShowPushNotiResponse.swift in Sources */ = {isa = PBXBuildFile; fileRef = 63755DB922FDD19B00D161FA /* ShowPushNotiResponse.swift */; };
		63755DC122FDD19B00D161FA /* SignUpResponse.swift in Sources */ = {isa = PBXBuildFile; fileRef = 63755DBA22FDD19B00D161FA /* SignUpResponse.swift */; };
		63755DC222FDD19B00D161FA /* OfferTakenResponse.swift in Sources */ = {isa = PBXBuildFile; fileRef = 63755DBB22FDD19B00D161FA /* OfferTakenResponse.swift */; };
		63755DC322FDD19B00D161FA /* WakeUpResponse.swift in Sources */ = {isa = PBXBuildFile; fileRef = 63755DBC22FDD19B00D161FA /* WakeUpResponse.swift */; };
		63755DC422FDD19B00D161FA /* StatisticsResponse.swift in Sources */ = {isa = PBXBuildFile; fileRef = 63755DBD22FDD19B00D161FA /* StatisticsResponse.swift */; };
		63755DC522FDD19B00D161FA /* AnnouncementResponse.swift in Sources */ = {isa = PBXBuildFile; fileRef = 63755DBE22FDD19B00D161FA /* AnnouncementResponse.swift */; };
		63755DC622FDD19B00D161FA /* LoginResponse.swift in Sources */ = {isa = PBXBuildFile; fileRef = 63755DBF22FDD19B00D161FA /* LoginResponse.swift */; };
		63755DC922FDD1A900D161FA /* OAuth2Handler.swift in Sources */ = {isa = PBXBuildFile; fileRef = 63755DC722FDD1A900D161FA /* OAuth2Handler.swift */; };
		63755DCA22FDD1A900D161FA /* YopterRouter.swift in Sources */ = {isa = PBXBuildFile; fileRef = 63755DC822FDD1A900D161FA /* YopterRouter.swift */; };
		63755DFF22FDD1CD00D161FA /* Beacon.swift in Sources */ = {isa = PBXBuildFile; fileRef = 63755DCC22FDD1C500D161FA /* Beacon.swift */; };
		63755E0022FDD1CD00D161FA /* Commerce.swift in Sources */ = {isa = PBXBuildFile; fileRef = 63755DCD22FDD1C500D161FA /* Commerce.swift */; };
		63755E0122FDD1CD00D161FA /* Menu.swift in Sources */ = {isa = PBXBuildFile; fileRef = 63755DCE22FDD1C500D161FA /* Menu.swift */; };
		63755E0222FDD1CD00D161FA /* Offer.swift in Sources */ = {isa = PBXBuildFile; fileRef = 63755DCF22FDD1C500D161FA /* Offer.swift */; };
		63755E0322FDD1CD00D161FA /* User.swift in Sources */ = {isa = PBXBuildFile; fileRef = 63755DD022FDD1C500D161FA /* User.swift */; };
		63755E0422FDD1CD00D161FA /* ZoneImg.swift in Sources */ = {isa = PBXBuildFile; fileRef = 63755DD122FDD1C500D161FA /* ZoneImg.swift */; };
		63755E0522FDD1CD00D161FA /* CommerceCount.swift in Sources */ = {isa = PBXBuildFile; fileRef = 63755DD222FDD1C500D161FA /* CommerceCount.swift */; };
		63755E0622FDD1CD00D161FA /* Showed.swift in Sources */ = {isa = PBXBuildFile; fileRef = 63755DD322FDD1C500D161FA /* Showed.swift */; };
		63755E0722FDD1CD00D161FA /* Store.swift in Sources */ = {isa = PBXBuildFile; fileRef = 63755DD422FDD1C600D161FA /* Store.swift */; };
		63755E0822FDD1CD00D161FA /* OfferSum.swift in Sources */ = {isa = PBXBuildFile; fileRef = 63755DD522FDD1C600D161FA /* OfferSum.swift */; };
		63755E0922FDD1CD00D161FA /* WhoAmI.swift in Sources */ = {isa = PBXBuildFile; fileRef = 63755DD622FDD1C600D161FA /* WhoAmI.swift */; };
		63755E0A22FDD1CD00D161FA /* FiltersCategories.swift in Sources */ = {isa = PBXBuildFile; fileRef = 63755DD722FDD1C600D161FA /* FiltersCategories.swift */; };
		63755E0B22FDD1CD00D161FA /* ExternalInfo.swift in Sources */ = {isa = PBXBuildFile; fileRef = 63755DD822FDD1C600D161FA /* ExternalInfo.swift */; };
		63755E0C22FDD1CD00D161FA /* Category.swift in Sources */ = {isa = PBXBuildFile; fileRef = 63755DD922FDD1C600D161FA /* Category.swift */; };
		63755E0D22FDD1CD00D161FA /* Heartbeat.swift in Sources */ = {isa = PBXBuildFile; fileRef = 63755DDA22FDD1C600D161FA /* Heartbeat.swift */; };
		63755E0E22FDD1CD00D161FA /* Keyword.swift in Sources */ = {isa = PBXBuildFile; fileRef = 63755DDB22FDD1C600D161FA /* Keyword.swift */; };
		63755E0F22FDD1CD00D161FA /* BeaconTrack.swift in Sources */ = {isa = PBXBuildFile; fileRef = 63755DDC22FDD1C600D161FA /* BeaconTrack.swift */; };
		63755E1022FDD1CD00D161FA /* ReportSucursal.swift in Sources */ = {isa = PBXBuildFile; fileRef = 63755DDD22FDD1C700D161FA /* ReportSucursal.swift */; };
		63755E1122FDD1CD00D161FA /* BeaconAnnouncement.swift in Sources */ = {isa = PBXBuildFile; fileRef = 63755DDE22FDD1C700D161FA /* BeaconAnnouncement.swift */; };
		63755E1222FDD1CD00D161FA /* Rating.swift in Sources */ = {isa = PBXBuildFile; fileRef = 63755DDF22FDD1C700D161FA /* Rating.swift */; };
		63755E1322FDD1CD00D161FA /* Images.swift in Sources */ = {isa = PBXBuildFile; fileRef = 63755DE022FDD1C700D161FA /* Images.swift */; };
		63755E1422FDD1CD00D161FA /* BeaconFirmware.swift in Sources */ = {isa = PBXBuildFile; fileRef = 63755DE122FDD1C700D161FA /* BeaconFirmware.swift */; };
		63755E1522FDD1CD00D161FA /* ApiError.swift in Sources */ = {isa = PBXBuildFile; fileRef = 63755DE222FDD1C700D161FA /* ApiError.swift */; };
		63755E1622FDD1CD00D161FA /* OfferCount.swift in Sources */ = {isa = PBXBuildFile; fileRef = 63755DE322FDD1C700D161FA /* OfferCount.swift */; };
		63755E1722FDD1CD00D161FA /* LocationGeofence.swift in Sources */ = {isa = PBXBuildFile; fileRef = 63755DE422FDD1C700D161FA /* LocationGeofence.swift */; };
		63755E1822FDD1CD00D161FA /* ArticlesResponse.swift in Sources */ = {isa = PBXBuildFile; fileRef = 63755DE522FDD1C800D161FA /* ArticlesResponse.swift */; };
		63755E1922FDD1CD00D161FA /* OfferTaken.swift in Sources */ = {isa = PBXBuildFile; fileRef = 63755DE622FDD1C800D161FA /* OfferTaken.swift */; };
		63755E1A22FDD1CD00D161FA /* State.swift in Sources */ = {isa = PBXBuildFile; fileRef = 63755DE722FDD1C800D161FA /* State.swift */; };
		63755E1B22FDD1CD00D161FA /* Article.swift in Sources */ = {isa = PBXBuildFile; fileRef = 63755DE822FDD1C800D161FA /* Article.swift */; };
		63755E1C22FDD1CD00D161FA /* Schedule.swift in Sources */ = {isa = PBXBuildFile; fileRef = 63755DE922FDD1C800D161FA /* Schedule.swift */; };
		63755E1D22FDD1CD00D161FA /* UserStatus.swift in Sources */ = {isa = PBXBuildFile; fileRef = 63755DEA22FDD1C800D161FA /* UserStatus.swift */; };
		63755E1E22FDD1CD00D161FA /* UserCount.swift in Sources */ = {isa = PBXBuildFile; fileRef = 63755DEB22FDD1C900D161FA /* UserCount.swift */; };
		63755E1F22FDD1CD00D161FA /* ReportReason.swift in Sources */ = {isa = PBXBuildFile; fileRef = 63755DEC22FDD1C900D161FA /* ReportReason.swift */; };
		63755E2022FDD1CD00D161FA /* OfferType.swift in Sources */ = {isa = PBXBuildFile; fileRef = 63755DED22FDD1C900D161FA /* OfferType.swift */; };
		63755E2122FDD1CD00D161FA /* Customer.swift in Sources */ = {isa = PBXBuildFile; fileRef = 63755DEE22FDD1C900D161FA /* Customer.swift */; };
		63755E2222FDD1CD00D161FA /* Image.swift in Sources */ = {isa = PBXBuildFile; fileRef = 63755DEF22FDD1C900D161FA /* Image.swift */; };
		63755E2322FDD1CD00D161FA /* Configurations.swift in Sources */ = {isa = PBXBuildFile; fileRef = 63755DF022FDD1C900D161FA /* Configurations.swift */; };
		63755E2422FDD1CD00D161FA /* Geofence.swift in Sources */ = {isa = PBXBuildFile; fileRef = 63755DF122FDD1CA00D161FA /* Geofence.swift */; };
		63755E2522FDD1CD00D161FA /* BeaconInstallationType.swift in Sources */ = {isa = PBXBuildFile; fileRef = 63755DF222FDD1CA00D161FA /* BeaconInstallationType.swift */; };
		63755E2622FDD1CD00D161FA /* BeaconInstallation.swift in Sources */ = {isa = PBXBuildFile; fileRef = 63755DF322FDD1CA00D161FA /* BeaconInstallation.swift */; };
		63755E2722FDD1CD00D161FA /* Country.swift in Sources */ = {isa = PBXBuildFile; fileRef = 63755DF422FDD1CA00D161FA /* Country.swift */; };
		63755E2822FDD1CD00D161FA /* CustomColors.swift in Sources */ = {isa = PBXBuildFile; fileRef = 63755DF522FDD1CB00D161FA /* CustomColors.swift */; };
		63755E2922FDD1CD00D161FA /* UserRating.swift in Sources */ = {isa = PBXBuildFile; fileRef = 63755DF622FDD1CB00D161FA /* UserRating.swift */; };
		63755E2A22FDD1CD00D161FA /* BeaconDetail.swift in Sources */ = {isa = PBXBuildFile; fileRef = 63755DF722FDD1CB00D161FA /* BeaconDetail.swift */; };
		63755E2B22FDD1CD00D161FA /* Company.swift in Sources */ = {isa = PBXBuildFile; fileRef = 63755DF822FDD1CB00D161FA /* Company.swift */; };
		63755E2C22FDD1CD00D161FA /* MaritalStatus.swift in Sources */ = {isa = PBXBuildFile; fileRef = 63755DF922FDD1CB00D161FA /* MaritalStatus.swift */; };
		63755E2D22FDD1CD00D161FA /* Mall.swift in Sources */ = {isa = PBXBuildFile; fileRef = 63755DFA22FDD1CC00D161FA /* Mall.swift */; };
		63755E2E22FDD1CD00D161FA /* OfferStatus.swift in Sources */ = {isa = PBXBuildFile; fileRef = 63755DFB22FDD1CC00D161FA /* OfferStatus.swift */; };
		63755E2F22FDD1CD00D161FA /* TakeCodeType.swift in Sources */ = {isa = PBXBuildFile; fileRef = 63755DFC22FDD1CC00D161FA /* TakeCodeType.swift */; };
		63755E3022FDD1CD00D161FA /* SantanderProduct.swift in Sources */ = {isa = PBXBuildFile; fileRef = 63755DFD22FDD1CC00D161FA /* SantanderProduct.swift */; };
		63755E3122FDD1CD00D161FA /* OfferTakenSum.swift in Sources */ = {isa = PBXBuildFile; fileRef = 63755DFE22FDD1CC00D161FA /* OfferTakenSum.swift */; };
		63755E3322FDD1E200D161FA /* Network.swift in Sources */ = {isa = PBXBuildFile; fileRef = 63755E3222FDD1E200D161FA /* Network.swift */; };
		637964EA2331404200E70130 /* CompanysParse.swift in Sources */ = {isa = PBXBuildFile; fileRef = 637964E92331404200E70130 /* CompanysParse.swift */; };
		6379650023315D5300E70130 /* SignUpResponseParse.swift in Sources */ = {isa = PBXBuildFile; fileRef = 637964FF23315D5300E70130 /* SignUpResponseParse.swift */; };
		637965062331709800E70130 /* CustomerParser.swift in Sources */ = {isa = PBXBuildFile; fileRef = 637965052331709800E70130 /* CustomerParser.swift */; };
		6379651A23328CB500E70130 /* ConfigurationsParser.swift in Sources */ = {isa = PBXBuildFile; fileRef = 6379651923328CB500E70130 /* ConfigurationsParser.swift */; };
		637EE07F2304527500429C34 /* Alamofire.framework in Sources */ = {isa = PBXBuildFile; fileRef = 63755D9D22FDD08900D161FA /* Alamofire.framework */; };
		637EE0802304527500429C34 /* ObjectMapper.framework in Sources */ = {isa = PBXBuildFile; fileRef = 63755D9B22FDD08800D161FA /* ObjectMapper.framework */; };
		637EE0852304539F00429C34 /* Alamofire.framework in Resources */ = {isa = PBXBuildFile; fileRef = 63755D9D22FDD08900D161FA /* Alamofire.framework */; };
		637EE0862304539F00429C34 /* ObjectMapper.framework in Resources */ = {isa = PBXBuildFile; fileRef = 63755D9B22FDD08800D161FA /* ObjectMapper.framework */; };
		63A63370232180D5008C047C /* FilterParse.swift in Sources */ = {isa = PBXBuildFile; fileRef = 63A6336F232180D5008C047C /* FilterParse.swift */; };
		63A6337E2321AD01008C047C /* StoresParse.swift in Sources */ = {isa = PBXBuildFile; fileRef = 63A6337D2321AD01008C047C /* StoresParse.swift */; };
		63A6338A2321BAA5008C047C /* OffertsParser.swift in Sources */ = {isa = PBXBuildFile; fileRef = 63A633892321BAA5008C047C /* OffertsParser.swift */; };
		63B5A7DE23200B9D00DB9159 /* Enviroment.swift in Sources */ = {isa = PBXBuildFile; fileRef = 63B5A7DD23200B9D00DB9159 /* Enviroment.swift */; };
		63B5A80D2321481800DB9159 /* WakeUpParser.swift in Sources */ = {isa = PBXBuildFile; fileRef = 63B5A80C2321481800DB9159 /* WakeUpParser.swift */; };
		63E2A757230AF9C700EB0F9C /* enumsNetwork.swift in Sources */ = {isa = PBXBuildFile; fileRef = 63E2A756230AF9C700EB0F9C /* enumsNetwork.swift */; };
		63E2A789230C324500EB0F9C /* Localizable.strings in Resources */ = {isa = PBXBuildFile; fileRef = 63E2A788230C324500EB0F9C /* Localizable.strings */; };
		63E2A78C230C32ED00EB0F9C /* StringExtension.swift in Sources */ = {isa = PBXBuildFile; fileRef = 63E2A78B230C32ED00EB0F9C /* StringExtension.swift */; };
		63E2A803230C4C8E00EB0F9C /* BaseParser.swift in Sources */ = {isa = PBXBuildFile; fileRef = 63E2A802230C4C8E00EB0F9C /* BaseParser.swift */; };
		63E2A805230C4D3A00EB0F9C /* LoginParser.swift in Sources */ = {isa = PBXBuildFile; fileRef = 63E2A804230C4D3A00EB0F9C /* LoginParser.swift */; };
		63E2A8A5230EE12900EB0F9C /* HomeParser.swift in Sources */ = {isa = PBXBuildFile; fileRef = 63E2A8A4230EE12900EB0F9C /* HomeParser.swift */; };
		63E4D526232AE60E002CF3CF /* ReportReasonParser.swift in Sources */ = {isa = PBXBuildFile; fileRef = 63E4D525232AE60E002CF3CF /* ReportReasonParser.swift */; };
		63E4D547232B1738002CF3CF /* SugestParse.swift in Sources */ = {isa = PBXBuildFile; fileRef = 63E4D546232B1738002CF3CF /* SugestParse.swift */; };
/* End PBXBuildFile section */

/* Begin PBXFileReference section */
		633031EA2326B67F0044B505 /* ArticulosParse.swift */ = {isa = PBXFileReference; lastKnownFileType = sourcecode.swift; path = ArticulosParse.swift; sourceTree = "<group>"; };
		636112102329A4D9005BF225 /* OfferTakenResponseParse.swift */ = {isa = PBXFileReference; lastKnownFileType = sourcecode.swift; path = OfferTakenResponseParse.swift; sourceTree = "<group>"; };
		636BD4BB2339343500425E1E /* WhoAmIParse.swift */ = {isa = PBXFileReference; lastKnownFileType = sourcecode.swift; path = WhoAmIParse.swift; sourceTree = "<group>"; };
		63755D8F22FDD05800D161FA /* a4SysCoreIOS.framework */ = {isa = PBXFileReference; explicitFileType = wrapper.framework; includeInIndex = 0; path = a4SysCoreIOS.framework; sourceTree = BUILT_PRODUCTS_DIR; };
		63755D9222FDD05800D161FA /* a4SysCoreIOS.h */ = {isa = PBXFileReference; lastKnownFileType = sourcecode.c.h; path = a4SysCoreIOS.h; sourceTree = "<group>"; };
		63755D9322FDD05800D161FA /* Info.plist */ = {isa = PBXFileReference; lastKnownFileType = text.plist.xml; path = Info.plist; sourceTree = "<group>"; };
		63755D9B22FDD08800D161FA /* ObjectMapper.framework */ = {isa = PBXFileReference; lastKnownFileType = wrapper.framework; path = ObjectMapper.framework; sourceTree = "<group>"; };
		63755D9C22FDD08800D161FA /* AlamofireObjectMapper.swift */ = {isa = PBXFileReference; fileEncoding = 4; lastKnownFileType = sourcecode.swift; path = AlamofireObjectMapper.swift; sourceTree = "<group>"; };
		63755D9D22FDD08900D161FA /* Alamofire.framework */ = {isa = PBXFileReference; lastKnownFileType = wrapper.framework; path = Alamofire.framework; sourceTree = "<group>"; };
		63755DA222FDD0E200D161FA /* UIColorExtension.swift */ = {isa = PBXFileReference; fileEncoding = 4; lastKnownFileType = sourcecode.swift; path = UIColorExtension.swift; sourceTree = "<group>"; };
		63755DA322FDD0E200D161FA /* DateExtencion.swift */ = {isa = PBXFileReference; fileEncoding = 4; lastKnownFileType = sourcecode.swift; path = DateExtencion.swift; sourceTree = "<group>"; };
		63755DA722FDD0FE00D161FA /* Commons.swift */ = {isa = PBXFileReference; fileEncoding = 4; lastKnownFileType = sourcecode.swift; path = Commons.swift; sourceTree = "<group>"; };
		63755DA822FDD0FE00D161FA /* Settings.swift */ = {isa = PBXFileReference; fileEncoding = 4; lastKnownFileType = sourcecode.swift; path = Settings.swift; sourceTree = "<group>"; };
		63755DA922FDD0FE00D161FA /* LocationUtil.swift */ = {isa = PBXFileReference; fileEncoding = 4; lastKnownFileType = sourcecode.swift; path = LocationUtil.swift; sourceTree = "<group>"; };
		63755DAE22FDD11700D161FA /* Reachability.swift */ = {isa = PBXFileReference; fileEncoding = 4; lastKnownFileType = sourcecode.swift; path = Reachability.swift; sourceTree = "<group>"; };
		63755DB222FDD14200D161FA /* Constants.swift */ = {isa = PBXFileReference; fileEncoding = 4; lastKnownFileType = sourcecode.swift; path = Constants.swift; sourceTree = "<group>"; };
		63755DB622FDD17F00D161FA /* Requests.swift */ = {isa = PBXFileReference; fileEncoding = 4; lastKnownFileType = sourcecode.swift; path = Requests.swift; sourceTree = "<group>"; };
		63755DB922FDD19B00D161FA /* ShowPushNotiResponse.swift */ = {isa = PBXFileReference; fileEncoding = 4; lastKnownFileType = sourcecode.swift; path = ShowPushNotiResponse.swift; sourceTree = "<group>"; };
		63755DBA22FDD19B00D161FA /* SignUpResponse.swift */ = {isa = PBXFileReference; fileEncoding = 4; lastKnownFileType = sourcecode.swift; path = SignUpResponse.swift; sourceTree = "<group>"; };
		63755DBB22FDD19B00D161FA /* OfferTakenResponse.swift */ = {isa = PBXFileReference; fileEncoding = 4; lastKnownFileType = sourcecode.swift; path = OfferTakenResponse.swift; sourceTree = "<group>"; };
		63755DBC22FDD19B00D161FA /* WakeUpResponse.swift */ = {isa = PBXFileReference; fileEncoding = 4; lastKnownFileType = sourcecode.swift; path = WakeUpResponse.swift; sourceTree = "<group>"; };
		63755DBD22FDD19B00D161FA /* StatisticsResponse.swift */ = {isa = PBXFileReference; fileEncoding = 4; lastKnownFileType = sourcecode.swift; path = StatisticsResponse.swift; sourceTree = "<group>"; };
		63755DBE22FDD19B00D161FA /* AnnouncementResponse.swift */ = {isa = PBXFileReference; fileEncoding = 4; lastKnownFileType = sourcecode.swift; path = AnnouncementResponse.swift; sourceTree = "<group>"; };
		63755DBF22FDD19B00D161FA /* LoginResponse.swift */ = {isa = PBXFileReference; fileEncoding = 4; lastKnownFileType = sourcecode.swift; path = LoginResponse.swift; sourceTree = "<group>"; };
		63755DC722FDD1A900D161FA /* OAuth2Handler.swift */ = {isa = PBXFileReference; fileEncoding = 4; lastKnownFileType = sourcecode.swift; path = OAuth2Handler.swift; sourceTree = "<group>"; };
		63755DC822FDD1A900D161FA /* YopterRouter.swift */ = {isa = PBXFileReference; fileEncoding = 4; lastKnownFileType = sourcecode.swift; path = YopterRouter.swift; sourceTree = "<group>"; };
		63755DCC22FDD1C500D161FA /* Beacon.swift */ = {isa = PBXFileReference; fileEncoding = 4; lastKnownFileType = sourcecode.swift; path = Beacon.swift; sourceTree = "<group>"; };
		63755DCD22FDD1C500D161FA /* Commerce.swift */ = {isa = PBXFileReference; fileEncoding = 4; lastKnownFileType = sourcecode.swift; path = Commerce.swift; sourceTree = "<group>"; };
		63755DCE22FDD1C500D161FA /* Menu.swift */ = {isa = PBXFileReference; fileEncoding = 4; lastKnownFileType = sourcecode.swift; path = Menu.swift; sourceTree = "<group>"; };
		63755DCF22FDD1C500D161FA /* Offer.swift */ = {isa = PBXFileReference; fileEncoding = 4; lastKnownFileType = sourcecode.swift; path = Offer.swift; sourceTree = "<group>"; };
		63755DD022FDD1C500D161FA /* User.swift */ = {isa = PBXFileReference; fileEncoding = 4; lastKnownFileType = sourcecode.swift; path = User.swift; sourceTree = "<group>"; };
		63755DD122FDD1C500D161FA /* ZoneImg.swift */ = {isa = PBXFileReference; fileEncoding = 4; lastKnownFileType = sourcecode.swift; path = ZoneImg.swift; sourceTree = "<group>"; };
		63755DD222FDD1C500D161FA /* CommerceCount.swift */ = {isa = PBXFileReference; fileEncoding = 4; lastKnownFileType = sourcecode.swift; path = CommerceCount.swift; sourceTree = "<group>"; };
		63755DD322FDD1C500D161FA /* Showed.swift */ = {isa = PBXFileReference; fileEncoding = 4; lastKnownFileType = sourcecode.swift; path = Showed.swift; sourceTree = "<group>"; };
		63755DD422FDD1C600D161FA /* Store.swift */ = {isa = PBXFileReference; fileEncoding = 4; lastKnownFileType = sourcecode.swift; path = Store.swift; sourceTree = "<group>"; };
		63755DD522FDD1C600D161FA /* OfferSum.swift */ = {isa = PBXFileReference; fileEncoding = 4; lastKnownFileType = sourcecode.swift; path = OfferSum.swift; sourceTree = "<group>"; };
		63755DD622FDD1C600D161FA /* WhoAmI.swift */ = {isa = PBXFileReference; fileEncoding = 4; lastKnownFileType = sourcecode.swift; path = WhoAmI.swift; sourceTree = "<group>"; };
		63755DD722FDD1C600D161FA /* FiltersCategories.swift */ = {isa = PBXFileReference; fileEncoding = 4; lastKnownFileType = sourcecode.swift; path = FiltersCategories.swift; sourceTree = "<group>"; };
		63755DD822FDD1C600D161FA /* ExternalInfo.swift */ = {isa = PBXFileReference; fileEncoding = 4; lastKnownFileType = sourcecode.swift; path = ExternalInfo.swift; sourceTree = "<group>"; };
		63755DD922FDD1C600D161FA /* Category.swift */ = {isa = PBXFileReference; fileEncoding = 4; lastKnownFileType = sourcecode.swift; path = Category.swift; sourceTree = "<group>"; };
		63755DDA22FDD1C600D161FA /* Heartbeat.swift */ = {isa = PBXFileReference; fileEncoding = 4; lastKnownFileType = sourcecode.swift; path = Heartbeat.swift; sourceTree = "<group>"; };
		63755DDB22FDD1C600D161FA /* Keyword.swift */ = {isa = PBXFileReference; fileEncoding = 4; lastKnownFileType = sourcecode.swift; path = Keyword.swift; sourceTree = "<group>"; };
		63755DDC22FDD1C600D161FA /* BeaconTrack.swift */ = {isa = PBXFileReference; fileEncoding = 4; lastKnownFileType = sourcecode.swift; path = BeaconTrack.swift; sourceTree = "<group>"; };
		63755DDD22FDD1C700D161FA /* ReportSucursal.swift */ = {isa = PBXFileReference; fileEncoding = 4; lastKnownFileType = sourcecode.swift; path = ReportSucursal.swift; sourceTree = "<group>"; };
		63755DDE22FDD1C700D161FA /* BeaconAnnouncement.swift */ = {isa = PBXFileReference; fileEncoding = 4; lastKnownFileType = sourcecode.swift; path = BeaconAnnouncement.swift; sourceTree = "<group>"; };
		63755DDF22FDD1C700D161FA /* Rating.swift */ = {isa = PBXFileReference; fileEncoding = 4; lastKnownFileType = sourcecode.swift; path = Rating.swift; sourceTree = "<group>"; };
		63755DE022FDD1C700D161FA /* Images.swift */ = {isa = PBXFileReference; fileEncoding = 4; lastKnownFileType = sourcecode.swift; path = Images.swift; sourceTree = "<group>"; };
		63755DE122FDD1C700D161FA /* BeaconFirmware.swift */ = {isa = PBXFileReference; fileEncoding = 4; lastKnownFileType = sourcecode.swift; path = BeaconFirmware.swift; sourceTree = "<group>"; };
		63755DE222FDD1C700D161FA /* ApiError.swift */ = {isa = PBXFileReference; fileEncoding = 4; lastKnownFileType = sourcecode.swift; path = ApiError.swift; sourceTree = "<group>"; };
		63755DE322FDD1C700D161FA /* OfferCount.swift */ = {isa = PBXFileReference; fileEncoding = 4; lastKnownFileType = sourcecode.swift; path = OfferCount.swift; sourceTree = "<group>"; };
		63755DE422FDD1C700D161FA /* LocationGeofence.swift */ = {isa = PBXFileReference; fileEncoding = 4; lastKnownFileType = sourcecode.swift; path = LocationGeofence.swift; sourceTree = "<group>"; };
		63755DE522FDD1C800D161FA /* ArticlesResponse.swift */ = {isa = PBXFileReference; fileEncoding = 4; lastKnownFileType = sourcecode.swift; path = ArticlesResponse.swift; sourceTree = "<group>"; };
		63755DE622FDD1C800D161FA /* OfferTaken.swift */ = {isa = PBXFileReference; fileEncoding = 4; lastKnownFileType = sourcecode.swift; path = OfferTaken.swift; sourceTree = "<group>"; };
		63755DE722FDD1C800D161FA /* State.swift */ = {isa = PBXFileReference; fileEncoding = 4; lastKnownFileType = sourcecode.swift; path = State.swift; sourceTree = "<group>"; };
		63755DE822FDD1C800D161FA /* Article.swift */ = {isa = PBXFileReference; fileEncoding = 4; lastKnownFileType = sourcecode.swift; path = Article.swift; sourceTree = "<group>"; };
		63755DE922FDD1C800D161FA /* Schedule.swift */ = {isa = PBXFileReference; fileEncoding = 4; lastKnownFileType = sourcecode.swift; path = Schedule.swift; sourceTree = "<group>"; };
		63755DEA22FDD1C800D161FA /* UserStatus.swift */ = {isa = PBXFileReference; fileEncoding = 4; lastKnownFileType = sourcecode.swift; path = UserStatus.swift; sourceTree = "<group>"; };
		63755DEB22FDD1C900D161FA /* UserCount.swift */ = {isa = PBXFileReference; fileEncoding = 4; lastKnownFileType = sourcecode.swift; path = UserCount.swift; sourceTree = "<group>"; };
		63755DEC22FDD1C900D161FA /* ReportReason.swift */ = {isa = PBXFileReference; fileEncoding = 4; lastKnownFileType = sourcecode.swift; path = ReportReason.swift; sourceTree = "<group>"; };
		63755DED22FDD1C900D161FA /* OfferType.swift */ = {isa = PBXFileReference; fileEncoding = 4; lastKnownFileType = sourcecode.swift; path = OfferType.swift; sourceTree = "<group>"; };
		63755DEE22FDD1C900D161FA /* Customer.swift */ = {isa = PBXFileReference; fileEncoding = 4; lastKnownFileType = sourcecode.swift; path = Customer.swift; sourceTree = "<group>"; };
		63755DEF22FDD1C900D161FA /* Image.swift */ = {isa = PBXFileReference; fileEncoding = 4; lastKnownFileType = sourcecode.swift; path = Image.swift; sourceTree = "<group>"; };
		63755DF022FDD1C900D161FA /* Configurations.swift */ = {isa = PBXFileReference; fileEncoding = 4; lastKnownFileType = sourcecode.swift; path = Configurations.swift; sourceTree = "<group>"; };
		63755DF122FDD1CA00D161FA /* Geofence.swift */ = {isa = PBXFileReference; fileEncoding = 4; lastKnownFileType = sourcecode.swift; path = Geofence.swift; sourceTree = "<group>"; };
		63755DF222FDD1CA00D161FA /* BeaconInstallationType.swift */ = {isa = PBXFileReference; fileEncoding = 4; lastKnownFileType = sourcecode.swift; path = BeaconInstallationType.swift; sourceTree = "<group>"; };
		63755DF322FDD1CA00D161FA /* BeaconInstallation.swift */ = {isa = PBXFileReference; fileEncoding = 4; lastKnownFileType = sourcecode.swift; path = BeaconInstallation.swift; sourceTree = "<group>"; };
		63755DF422FDD1CA00D161FA /* Country.swift */ = {isa = PBXFileReference; fileEncoding = 4; lastKnownFileType = sourcecode.swift; path = Country.swift; sourceTree = "<group>"; };
		63755DF522FDD1CB00D161FA /* CustomColors.swift */ = {isa = PBXFileReference; fileEncoding = 4; lastKnownFileType = sourcecode.swift; path = CustomColors.swift; sourceTree = "<group>"; };
		63755DF622FDD1CB00D161FA /* UserRating.swift */ = {isa = PBXFileReference; fileEncoding = 4; lastKnownFileType = sourcecode.swift; path = UserRating.swift; sourceTree = "<group>"; };
		63755DF722FDD1CB00D161FA /* BeaconDetail.swift */ = {isa = PBXFileReference; fileEncoding = 4; lastKnownFileType = sourcecode.swift; path = BeaconDetail.swift; sourceTree = "<group>"; };
		63755DF822FDD1CB00D161FA /* Company.swift */ = {isa = PBXFileReference; fileEncoding = 4; lastKnownFileType = sourcecode.swift; path = Company.swift; sourceTree = "<group>"; };
		63755DF922FDD1CB00D161FA /* MaritalStatus.swift */ = {isa = PBXFileReference; fileEncoding = 4; lastKnownFileType = sourcecode.swift; path = MaritalStatus.swift; sourceTree = "<group>"; };
		63755DFA22FDD1CC00D161FA /* Mall.swift */ = {isa = PBXFileReference; fileEncoding = 4; lastKnownFileType = sourcecode.swift; path = Mall.swift; sourceTree = "<group>"; };
		63755DFB22FDD1CC00D161FA /* OfferStatus.swift */ = {isa = PBXFileReference; fileEncoding = 4; lastKnownFileType = sourcecode.swift; path = OfferStatus.swift; sourceTree = "<group>"; };
		63755DFC22FDD1CC00D161FA /* TakeCodeType.swift */ = {isa = PBXFileReference; fileEncoding = 4; lastKnownFileType = sourcecode.swift; path = TakeCodeType.swift; sourceTree = "<group>"; };
		63755DFD22FDD1CC00D161FA /* SantanderProduct.swift */ = {isa = PBXFileReference; fileEncoding = 4; lastKnownFileType = sourcecode.swift; path = SantanderProduct.swift; sourceTree = "<group>"; };
		63755DFE22FDD1CC00D161FA /* OfferTakenSum.swift */ = {isa = PBXFileReference; fileEncoding = 4; lastKnownFileType = sourcecode.swift; path = OfferTakenSum.swift; sourceTree = "<group>"; };
		63755E3222FDD1E200D161FA /* Network.swift */ = {isa = PBXFileReference; fileEncoding = 4; lastKnownFileType = sourcecode.swift; path = Network.swift; sourceTree = "<group>"; };
		637964E92331404200E70130 /* CompanysParse.swift */ = {isa = PBXFileReference; lastKnownFileType = sourcecode.swift; path = CompanysParse.swift; sourceTree = "<group>"; };
		637964FF23315D5300E70130 /* SignUpResponseParse.swift */ = {isa = PBXFileReference; lastKnownFileType = sourcecode.swift; path = SignUpResponseParse.swift; sourceTree = "<group>"; };
		637965052331709800E70130 /* CustomerParser.swift */ = {isa = PBXFileReference; lastKnownFileType = sourcecode.swift; path = CustomerParser.swift; sourceTree = "<group>"; };
		6379651923328CB500E70130 /* ConfigurationsParser.swift */ = {isa = PBXFileReference; lastKnownFileType = sourcecode.swift; path = ConfigurationsParser.swift; sourceTree = "<group>"; };
		63A6336F232180D5008C047C /* FilterParse.swift */ = {isa = PBXFileReference; lastKnownFileType = sourcecode.swift; path = FilterParse.swift; sourceTree = "<group>"; };
		63A6337D2321AD01008C047C /* StoresParse.swift */ = {isa = PBXFileReference; lastKnownFileType = sourcecode.swift; path = StoresParse.swift; sourceTree = "<group>"; };
		63A633892321BAA5008C047C /* OffertsParser.swift */ = {isa = PBXFileReference; lastKnownFileType = sourcecode.swift; path = OffertsParser.swift; sourceTree = "<group>"; };
		63B5A7DD23200B9D00DB9159 /* Enviroment.swift */ = {isa = PBXFileReference; lastKnownFileType = sourcecode.swift; path = Enviroment.swift; sourceTree = "<group>"; };
		63B5A80C2321481800DB9159 /* WakeUpParser.swift */ = {isa = PBXFileReference; lastKnownFileType = sourcecode.swift; path = WakeUpParser.swift; sourceTree = "<group>"; };
		63E2A756230AF9C700EB0F9C /* enumsNetwork.swift */ = {isa = PBXFileReference; lastKnownFileType = sourcecode.swift; path = enumsNetwork.swift; sourceTree = "<group>"; };
		63E2A788230C324500EB0F9C /* Localizable.strings */ = {isa = PBXFileReference; fileEncoding = 4; lastKnownFileType = text.plist.strings; path = Localizable.strings; sourceTree = "<group>"; };
		63E2A78B230C32ED00EB0F9C /* StringExtension.swift */ = {isa = PBXFileReference; fileEncoding = 4; lastKnownFileType = sourcecode.swift; path = StringExtension.swift; sourceTree = "<group>"; };
		63E2A802230C4C8E00EB0F9C /* BaseParser.swift */ = {isa = PBXFileReference; lastKnownFileType = sourcecode.swift; path = BaseParser.swift; sourceTree = "<group>"; };
		63E2A804230C4D3A00EB0F9C /* LoginParser.swift */ = {isa = PBXFileReference; lastKnownFileType = sourcecode.swift; path = LoginParser.swift; sourceTree = "<group>"; };
		63E2A8A4230EE12900EB0F9C /* HomeParser.swift */ = {isa = PBXFileReference; lastKnownFileType = sourcecode.swift; path = HomeParser.swift; sourceTree = "<group>"; };
		63E4D525232AE60E002CF3CF /* ReportReasonParser.swift */ = {isa = PBXFileReference; lastKnownFileType = sourcecode.swift; path = ReportReasonParser.swift; sourceTree = "<group>"; };
		63E4D546232B1738002CF3CF /* SugestParse.swift */ = {isa = PBXFileReference; lastKnownFileType = sourcecode.swift; path = SugestParse.swift; sourceTree = "<group>"; };
/* End PBXFileReference section */

/* Begin PBXFrameworksBuildPhase section */
		63755D8C22FDD05800D161FA /* Frameworks */ = {
			isa = PBXFrameworksBuildPhase;
			buildActionMask = 2147483647;
			files = (
				63755D9E22FDD08900D161FA /* ObjectMapper.framework in Frameworks */,
				63755DA022FDD08900D161FA /* Alamofire.framework in Frameworks */,
			);
			runOnlyForDeploymentPostprocessing = 0;
		};
/* End PBXFrameworksBuildPhase section */

/* Begin PBXGroup section */
		63755D8522FDD05800D161FA = {
			isa = PBXGroup;
			children = (
				63755D9122FDD05800D161FA /* a4SysCoreIOS */,
				63755D9022FDD05800D161FA /* Products */,
			);
			sourceTree = "<group>";
		};
		63755D9022FDD05800D161FA /* Products */ = {
			isa = PBXGroup;
			children = (
				63755D8F22FDD05800D161FA /* a4SysCoreIOS.framework */,
			);
			name = Products;
			sourceTree = "<group>";
		};
		63755D9122FDD05800D161FA /* a4SysCoreIOS */ = {
			isa = PBXGroup;
			children = (
				63755DCB22FDD1B700D161FA /* Models */,
				63755DB422FDD16500D161FA /* APi */,
				63755DB022FDD12A00D161FA /* Resources */,
				63755DA622FDD0EF00D161FA /* Utils */,
				63755DA122FDD0D800D161FA /* Extensions */,
				63755D9A22FDD06F00D161FA /* Framework */,
				63755D9222FDD05800D161FA /* a4SysCoreIOS.h */,
				63755D9322FDD05800D161FA /* Info.plist */,
				63755E3222FDD1E200D161FA /* Network.swift */,
				63E2A756230AF9C700EB0F9C /* enumsNetwork.swift */,
				63B5A7DD23200B9D00DB9159 /* Enviroment.swift */,
			);
			path = a4SysCoreIOS;
			sourceTree = "<group>";
		};
		63755D9A22FDD06F00D161FA /* Framework */ = {
			isa = PBXGroup;
			children = (
				63755D9D22FDD08900D161FA /* Alamofire.framework */,
				63755D9C22FDD08800D161FA /* AlamofireObjectMapper.swift */,
				63755D9B22FDD08800D161FA /* ObjectMapper.framework */,
			);
			path = Framework;
			sourceTree = "<group>";
		};
		63755DA122FDD0D800D161FA /* Extensions */ = {
			isa = PBXGroup;
			children = (
				63E2A78B230C32ED00EB0F9C /* StringExtension.swift */,
				63755DA322FDD0E200D161FA /* DateExtencion.swift */,
				63755DA222FDD0E200D161FA /* UIColorExtension.swift */,
			);
			path = Extensions;
			sourceTree = "<group>";
		};
		63755DA622FDD0EF00D161FA /* Utils */ = {
			isa = PBXGroup;
			children = (
				63755DAD22FDD10900D161FA /* ObjCLibrary */,
				63755DA722FDD0FE00D161FA /* Commons.swift */,
				63755DA922FDD0FE00D161FA /* LocationUtil.swift */,
				63755DA822FDD0FE00D161FA /* Settings.swift */,
			);
			path = Utils;
			sourceTree = "<group>";
		};
		63755DAD22FDD10900D161FA /* ObjCLibrary */ = {
			isa = PBXGroup;
			children = (
				63755DAE22FDD11700D161FA /* Reachability.swift */,
			);
			path = ObjCLibrary;
			sourceTree = "<group>";
		};
		63755DB022FDD12A00D161FA /* Resources */ = {
			isa = PBXGroup;
			children = (
				63E2A787230C323800EB0F9C /* Strings */,
				63755DB122FDD13700D161FA /* Constants */,
			);
			path = Resources;
			sourceTree = "<group>";
		};
		63755DB122FDD13700D161FA /* Constants */ = {
			isa = PBXGroup;
			children = (
				63755DB222FDD14200D161FA /* Constants.swift */,
			);
			path = Constants;
			sourceTree = "<group>";
		};
		63755DB422FDD16500D161FA /* APi */ = {
			isa = PBXGroup;
			children = (
				63755DC722FDD1A900D161FA /* OAuth2Handler.swift */,
				63755DC822FDD1A900D161FA /* YopterRouter.swift */,
				63755DB822FDD18D00D161FA /* Responses */,
				63755DB522FDD17500D161FA /* Requests */,
			);
			path = APi;
			sourceTree = "<group>";
		};
		63755DB522FDD17500D161FA /* Requests */ = {
			isa = PBXGroup;
			children = (
				63755DB622FDD17F00D161FA /* Requests.swift */,
			);
			path = Requests;
			sourceTree = "<group>";
		};
		63755DB822FDD18D00D161FA /* Responses */ = {
			isa = PBXGroup;
			children = (
				63755DBE22FDD19B00D161FA /* AnnouncementResponse.swift */,
				63755DBF22FDD19B00D161FA /* LoginResponse.swift */,
				63755DBB22FDD19B00D161FA /* OfferTakenResponse.swift */,
				63755DB922FDD19B00D161FA /* ShowPushNotiResponse.swift */,
				63755DBA22FDD19B00D161FA /* SignUpResponse.swift */,
				63755DBD22FDD19B00D161FA /* StatisticsResponse.swift */,
				63755DBC22FDD19B00D161FA /* WakeUpResponse.swift */,
			);
			path = Responses;
			sourceTree = "<group>";
		};
		63755DCB22FDD1B700D161FA /* Models */ = {
			isa = PBXGroup;
			children = (
				63E2A80B230C508500EB0F9C /* Modelos */,
				63E2A801230C4C4900EB0F9C /* Parser */,
			);
			path = Models;
			sourceTree = "<group>";
		};
		63E2A787230C323800EB0F9C /* Strings */ = {
			isa = PBXGroup;
			children = (
				63E2A788230C324500EB0F9C /* Localizable.strings */,
			);
			path = Strings;
			sourceTree = "<group>";
		};
		63E2A801230C4C4900EB0F9C /* Parser */ = {
			isa = PBXGroup;
			children = (
				63E2A802230C4C8E00EB0F9C /* BaseParser.swift */,
				63E2A804230C4D3A00EB0F9C /* LoginParser.swift */,
				63E2A8A4230EE12900EB0F9C /* HomeParser.swift */,
				63A633892321BAA5008C047C /* OffertsParser.swift */,
				63B5A80C2321481800DB9159 /* WakeUpParser.swift */,
				63A6336F232180D5008C047C /* FilterParse.swift */,
				63A6337D2321AD01008C047C /* StoresParse.swift */,
				633031EA2326B67F0044B505 /* ArticulosParse.swift */,
				636112102329A4D9005BF225 /* OfferTakenResponseParse.swift */,
				63E4D525232AE60E002CF3CF /* ReportReasonParser.swift */,
				637964E92331404200E70130 /* CompanysParse.swift */,
				63E4D546232B1738002CF3CF /* SugestParse.swift */,
				637964FF23315D5300E70130 /* SignUpResponseParse.swift */,
				637965052331709800E70130 /* CustomerParser.swift */,
				6379651923328CB500E70130 /* ConfigurationsParser.swift */,
				636BD4BB2339343500425E1E /* WhoAmIParse.swift */,
			);
			path = Parser;
			sourceTree = "<group>";
		};
		63E2A80B230C508500EB0F9C /* Modelos */ = {
			isa = PBXGroup;
			children = (
				63755DE222FDD1C700D161FA /* ApiError.swift */,
				63755DE822FDD1C800D161FA /* Article.swift */,
				63755DE522FDD1C800D161FA /* ArticlesResponse.swift */,
				63755DCC22FDD1C500D161FA /* Beacon.swift */,
				63755DDE22FDD1C700D161FA /* BeaconAnnouncement.swift */,
				63755DF722FDD1CB00D161FA /* BeaconDetail.swift */,
				63755DE122FDD1C700D161FA /* BeaconFirmware.swift */,
				63755DF322FDD1CA00D161FA /* BeaconInstallation.swift */,
				63755DF222FDD1CA00D161FA /* BeaconInstallationType.swift */,
				63755DDC22FDD1C600D161FA /* BeaconTrack.swift */,
				63755DD922FDD1C600D161FA /* Category.swift */,
				63755DCD22FDD1C500D161FA /* Commerce.swift */,
				63755DD222FDD1C500D161FA /* CommerceCount.swift */,
				63755DF822FDD1CB00D161FA /* Company.swift */,
				63755DF022FDD1C900D161FA /* Configurations.swift */,
				63755DF422FDD1CA00D161FA /* Country.swift */,
				63755DF522FDD1CB00D161FA /* CustomColors.swift */,
				63755DEE22FDD1C900D161FA /* Customer.swift */,
				63755DD822FDD1C600D161FA /* ExternalInfo.swift */,
				63755DD722FDD1C600D161FA /* FiltersCategories.swift */,
				63755DF122FDD1CA00D161FA /* Geofence.swift */,
				63755DDA22FDD1C600D161FA /* Heartbeat.swift */,
				63755DEF22FDD1C900D161FA /* Image.swift */,
				63755DE022FDD1C700D161FA /* Images.swift */,
				63755DDB22FDD1C600D161FA /* Keyword.swift */,
				63755DE422FDD1C700D161FA /* LocationGeofence.swift */,
				63755DFA22FDD1CC00D161FA /* Mall.swift */,
				63755DF922FDD1CB00D161FA /* MaritalStatus.swift */,
				63755DCE22FDD1C500D161FA /* Menu.swift */,
				63755DCF22FDD1C500D161FA /* Offer.swift */,
				63755DE322FDD1C700D161FA /* OfferCount.swift */,
				63755DFB22FDD1CC00D161FA /* OfferStatus.swift */,
				63755DD522FDD1C600D161FA /* OfferSum.swift */,
				63755DE622FDD1C800D161FA /* OfferTaken.swift */,
				63755DFE22FDD1CC00D161FA /* OfferTakenSum.swift */,
				63755DED22FDD1C900D161FA /* OfferType.swift */,
				63755DDF22FDD1C700D161FA /* Rating.swift */,
				63755DEC22FDD1C900D161FA /* ReportReason.swift */,
				63755DDD22FDD1C700D161FA /* ReportSucursal.swift */,
				63755DFD22FDD1CC00D161FA /* SantanderProduct.swift */,
				63755DE922FDD1C800D161FA /* Schedule.swift */,
				63755DD322FDD1C500D161FA /* Showed.swift */,
				63755DE722FDD1C800D161FA /* State.swift */,
				63755DD422FDD1C600D161FA /* Store.swift */,
				63755DFC22FDD1CC00D161FA /* TakeCodeType.swift */,
				63755DD022FDD1C500D161FA /* User.swift */,
				63755DEB22FDD1C900D161FA /* UserCount.swift */,
				63755DF622FDD1CB00D161FA /* UserRating.swift */,
				63755DEA22FDD1C800D161FA /* UserStatus.swift */,
				63755DD622FDD1C600D161FA /* WhoAmI.swift */,
				63755DD122FDD1C500D161FA /* ZoneImg.swift */,
			);
			path = Modelos;
			sourceTree = "<group>";
		};
/* End PBXGroup section */

/* Begin PBXHeadersBuildPhase section */
		63755D8A22FDD05800D161FA /* Headers */ = {
			isa = PBXHeadersBuildPhase;
			buildActionMask = 2147483647;
			files = (
				63755D9422FDD05800D161FA /* a4SysCoreIOS.h in Headers */,
			);
			runOnlyForDeploymentPostprocessing = 0;
		};
/* End PBXHeadersBuildPhase section */

/* Begin PBXNativeTarget section */
		63755D8E22FDD05800D161FA /* a4SysCoreIOS */ = {
			isa = PBXNativeTarget;
			buildConfigurationList = 63755D9722FDD05800D161FA /* Build configuration list for PBXNativeTarget "a4SysCoreIOS" */;
			buildPhases = (
				63755D8A22FDD05800D161FA /* Headers */,
				63755D8B22FDD05800D161FA /* Sources */,
				63755D8C22FDD05800D161FA /* Frameworks */,
				63755D8D22FDD05800D161FA /* Resources */,
			);
			buildRules = (
			);
			dependencies = (
			);
			name = a4SysCoreIOS;
			productName = a4SysCoreIOS;
			productReference = 63755D8F22FDD05800D161FA /* a4SysCoreIOS.framework */;
			productType = "com.apple.product-type.framework";
		};
/* End PBXNativeTarget section */

/* Begin PBXProject section */
		63755D8622FDD05800D161FA /* Project object */ = {
			isa = PBXProject;
			attributes = {
				LastUpgradeCheck = 1030;
				ORGANIZATIONNAME = Yopter;
				TargetAttributes = {
					63755D8E22FDD05800D161FA = {
						CreatedOnToolsVersion = 10.3;
						LastSwiftMigration = 1030;
					};
				};
			};
			buildConfigurationList = 63755D8922FDD05800D161FA /* Build configuration list for PBXProject "a4SysCoreIOS" */;
			compatibilityVersion = "Xcode 9.3";
			developmentRegion = en;
			hasScannedForEncodings = 0;
			knownRegions = (
				en,
			);
			mainGroup = 63755D8522FDD05800D161FA;
			productRefGroup = 63755D9022FDD05800D161FA /* Products */;
			projectDirPath = "";
			projectRoot = "";
			targets = (
				63755D8E22FDD05800D161FA /* a4SysCoreIOS */,
			);
		};
/* End PBXProject section */

/* Begin PBXResourcesBuildPhase section */
		63755D8D22FDD05800D161FA /* Resources */ = {
			isa = PBXResourcesBuildPhase;
			buildActionMask = 2147483647;
			files = (
				637EE0852304539F00429C34 /* Alamofire.framework in Resources */,
				63E2A789230C324500EB0F9C /* Localizable.strings in Resources */,
				637EE0862304539F00429C34 /* ObjectMapper.framework in Resources */,
			);
			runOnlyForDeploymentPostprocessing = 0;
		};
/* End PBXResourcesBuildPhase section */

/* Begin PBXSourcesBuildPhase section */
		63755D8B22FDD05800D161FA /* Sources */ = {
			isa = PBXSourcesBuildPhase;
			buildActionMask = 2147483647;
			files = (
				63E4D547232B1738002CF3CF /* SugestParse.swift in Sources */,
				637EE07F2304527500429C34 /* Alamofire.framework in Sources */,
				637EE0802304527500429C34 /* ObjectMapper.framework in Sources */,
				6379651A23328CB500E70130 /* ConfigurationsParser.swift in Sources */,
				63755E1E22FDD1CD00D161FA /* UserCount.swift in Sources */,
				63755E2222FDD1CD00D161FA /* Image.swift in Sources */,
				63755DAF22FDD11700D161FA /* Reachability.swift in Sources */,
				63755E0422FDD1CD00D161FA /* ZoneImg.swift in Sources */,
				63755DAA22FDD0FE00D161FA /* Commons.swift in Sources */,
				63E4D526232AE60E002CF3CF /* ReportReasonParser.swift in Sources */,
				636112112329A4D9005BF225 /* OfferTakenResponseParse.swift in Sources */,
				63E2A757230AF9C700EB0F9C /* enumsNetwork.swift in Sources */,
				63755E0E22FDD1CD00D161FA /* Keyword.swift in Sources */,
				63755E1322FDD1CD00D161FA /* Images.swift in Sources */,
				63755E0722FDD1CD00D161FA /* Store.swift in Sources */,
				63755E1C22FDD1CD00D161FA /* Schedule.swift in Sources */,
				63755E2D22FDD1CD00D161FA /* Mall.swift in Sources */,
				63755E0F22FDD1CD00D161FA /* BeaconTrack.swift in Sources */,
				63E2A805230C4D3A00EB0F9C /* LoginParser.swift in Sources */,
				63755E0822FDD1CD00D161FA /* OfferSum.swift in Sources */,
				63755E2B22FDD1CD00D161FA /* Company.swift in Sources */,
				63755DC922FDD1A900D161FA /* OAuth2Handler.swift in Sources */,
				63755E1A22FDD1CD00D161FA /* State.swift in Sources */,
				63755E2422FDD1CD00D161FA /* Geofence.swift in Sources */,
				63E2A803230C4C8E00EB0F9C /* BaseParser.swift in Sources */,
				63755DC322FDD19B00D161FA /* WakeUpResponse.swift in Sources */,
				633031EB2326B67F0044B505 /* ArticulosParse.swift in Sources */,
				63A6337E2321AD01008C047C /* StoresParse.swift in Sources */,
				63755E0C22FDD1CD00D161FA /* Category.swift in Sources */,
				63755DA522FDD0E200D161FA /* DateExtencion.swift in Sources */,
				63755E2322FDD1CD00D161FA /* Configurations.swift in Sources */,
				63755E1422FDD1CD00D161FA /* BeaconFirmware.swift in Sources */,
				63755DC122FDD19B00D161FA /* SignUpResponse.swift in Sources */,
				63755E0522FDD1CD00D161FA /* CommerceCount.swift in Sources */,
				63755E1022FDD1CD00D161FA /* ReportSucursal.swift in Sources */,
				63755E2E22FDD1CD00D161FA /* OfferStatus.swift in Sources */,
				63755DC022FDD19B00D161FA /* ShowPushNotiResponse.swift in Sources */,
				6379650023315D5300E70130 /* SignUpResponseParse.swift in Sources */,
				63755E0A22FDD1CD00D161FA /* FiltersCategories.swift in Sources */,
				63755E0622FDD1CD00D161FA /* Showed.swift in Sources */,
				63755E2022FDD1CD00D161FA /* OfferType.swift in Sources */,
				63755E1822FDD1CD00D161FA /* ArticlesResponse.swift in Sources */,
				63755E0D22FDD1CD00D161FA /* Heartbeat.swift in Sources */,
				63755DC622FDD19B00D161FA /* LoginResponse.swift in Sources */,
				63E2A8A5230EE12900EB0F9C /* HomeParser.swift in Sources */,
				63B5A7DE23200B9D00DB9159 /* Enviroment.swift in Sources */,
				637965062331709800E70130 /* CustomerParser.swift in Sources */,
				63755E1122FDD1CD00D161FA /* BeaconAnnouncement.swift in Sources */,
				63755DB722FDD17F00D161FA /* Requests.swift in Sources */,
				63755E1B22FDD1CD00D161FA /* Article.swift in Sources */,
				63755E3122FDD1CD00D161FA /* OfferTakenSum.swift in Sources */,
				63755E0B22FDD1CD00D161FA /* ExternalInfo.swift in Sources */,
				63E2A78C230C32ED00EB0F9C /* StringExtension.swift in Sources */,
				63A63370232180D5008C047C /* FilterParse.swift in Sources */,
				63B5A80D2321481800DB9159 /* WakeUpParser.swift in Sources */,
				63755E2522FDD1CD00D161FA /* BeaconInstallationType.swift in Sources */,
				63755E1D22FDD1CD00D161FA /* UserStatus.swift in Sources */,
				63755E1622FDD1CD00D161FA /* OfferCount.swift in Sources */,
				63755E3322FDD1E200D161FA /* Network.swift in Sources */,
				63755E0922FDD1CD00D161FA /* WhoAmI.swift in Sources */,
				63755E0122FDD1CD00D161FA /* Menu.swift in Sources */,
				63755E1922FDD1CD00D161FA /* OfferTaken.swift in Sources */,
				63755E2622FDD1CD00D161FA /* BeaconInstallation.swift in Sources */,
				63755D9F22FDD08900D161FA /* AlamofireObjectMapper.swift in Sources */,
				63755E1F22FDD1CD00D161FA /* ReportReason.swift in Sources */,
				63755E1522FDD1CD00D161FA /* ApiError.swift in Sources */,
				63755DFF22FDD1CD00D161FA /* Beacon.swift in Sources */,
				63755E1722FDD1CD00D161FA /* LocationGeofence.swift in Sources */,
				63755E2122FDD1CD00D161FA /* Customer.swift in Sources */,
				63755E2822FDD1CD00D161FA /* CustomColors.swift in Sources */,
				63755DA422FDD0E200D161FA /* UIColorExtension.swift in Sources */,
				63755E2922FDD1CD00D161FA /* UserRating.swift in Sources */,
				63755E2722FDD1CD00D161FA /* Country.swift in Sources */,
				63755E2A22FDD1CD00D161FA /* BeaconDetail.swift in Sources */,
				63755E2F22FDD1CD00D161FA /* TakeCodeType.swift in Sources */,
				63755E0022FDD1CD00D161FA /* Commerce.swift in Sources */,
				63755DCA22FDD1A900D161FA /* YopterRouter.swift in Sources */,
				63755DC522FDD19B00D161FA /* AnnouncementResponse.swift in Sources */,
				63755E3022FDD1CD00D161FA /* SantanderProduct.swift in Sources */,
				636BD4BC2339343500425E1E /* WhoAmIParse.swift in Sources */,
				63755E1222FDD1CD00D161FA /* Rating.swift in Sources */,
				637964EA2331404200E70130 /* CompanysParse.swift in Sources */,
				63A6338A2321BAA5008C047C /* OffertsParser.swift in Sources */,
				63755DAC22FDD0FE00D161FA /* LocationUtil.swift in Sources */,
				63755DAB22FDD0FE00D161FA /* Settings.swift in Sources */,
				63755E0222FDD1CD00D161FA /* Offer.swift in Sources */,
				63755DB322FDD14200D161FA /* Constants.swift in Sources */,
				63755E2C22FDD1CD00D161FA /* MaritalStatus.swift in Sources */,
				63755DC222FDD19B00D161FA /* OfferTakenResponse.swift in Sources */,
				63755DC422FDD19B00D161FA /* StatisticsResponse.swift in Sources */,
				63755E0322FDD1CD00D161FA /* User.swift in Sources */,
			);
			runOnlyForDeploymentPostprocessing = 0;
		};
/* End PBXSourcesBuildPhase section */

/* Begin XCBuildConfiguration section */
		63755D9522FDD05800D161FA /* Debug */ = {
			isa = XCBuildConfiguration;
			buildSettings = {
				ALWAYS_SEARCH_USER_PATHS = NO;
				CLANG_ANALYZER_NONNULL = YES;
				CLANG_ANALYZER_NUMBER_OBJECT_CONVERSION = YES_AGGRESSIVE;
				CLANG_CXX_LANGUAGE_STANDARD = "gnu++14";
				CLANG_CXX_LIBRARY = "libc++";
				CLANG_ENABLE_MODULES = YES;
				CLANG_ENABLE_OBJC_ARC = YES;
				CLANG_ENABLE_OBJC_WEAK = YES;
				CLANG_WARN_BLOCK_CAPTURE_AUTORELEASING = YES;
				CLANG_WARN_BOOL_CONVERSION = YES;
				CLANG_WARN_COMMA = YES;
				CLANG_WARN_CONSTANT_CONVERSION = YES;
				CLANG_WARN_DEPRECATED_OBJC_IMPLEMENTATIONS = YES;
				CLANG_WARN_DIRECT_OBJC_ISA_USAGE = YES_ERROR;
				CLANG_WARN_DOCUMENTATION_COMMENTS = YES;
				CLANG_WARN_EMPTY_BODY = YES;
				CLANG_WARN_ENUM_CONVERSION = YES;
				CLANG_WARN_INFINITE_RECURSION = YES;
				CLANG_WARN_INT_CONVERSION = YES;
				CLANG_WARN_NON_LITERAL_NULL_CONVERSION = YES;
				CLANG_WARN_OBJC_IMPLICIT_RETAIN_SELF = YES;
				CLANG_WARN_OBJC_LITERAL_CONVERSION = YES;
				CLANG_WARN_OBJC_ROOT_CLASS = YES_ERROR;
				CLANG_WARN_RANGE_LOOP_ANALYSIS = YES;
				CLANG_WARN_STRICT_PROTOTYPES = YES;
				CLANG_WARN_SUSPICIOUS_MOVE = YES;
				CLANG_WARN_UNGUARDED_AVAILABILITY = YES_AGGRESSIVE;
				CLANG_WARN_UNREACHABLE_CODE = YES;
				CLANG_WARN__DUPLICATE_METHOD_MATCH = YES;
				CODE_SIGN_IDENTITY = "iPhone Developer";
				COPY_PHASE_STRIP = NO;
				CURRENT_PROJECT_VERSION = 1;
				DEBUG_INFORMATION_FORMAT = dwarf;
				ENABLE_STRICT_OBJC_MSGSEND = YES;
				ENABLE_TESTABILITY = YES;
				GCC_C_LANGUAGE_STANDARD = gnu11;
				GCC_DYNAMIC_NO_PIC = NO;
				GCC_NO_COMMON_BLOCKS = YES;
				GCC_OPTIMIZATION_LEVEL = 0;
				GCC_PREPROCESSOR_DEFINITIONS = (
					"DEBUG=1",
					"$(inherited)",
				);
				GCC_WARN_64_TO_32_BIT_CONVERSION = YES;
				GCC_WARN_ABOUT_RETURN_TYPE = YES_ERROR;
				GCC_WARN_UNDECLARED_SELECTOR = YES;
				GCC_WARN_UNINITIALIZED_AUTOS = YES_AGGRESSIVE;
				GCC_WARN_UNUSED_FUNCTION = YES;
				GCC_WARN_UNUSED_VARIABLE = YES;
				IPHONEOS_DEPLOYMENT_TARGET = 12.4;
				MTL_ENABLE_DEBUG_INFO = INCLUDE_SOURCE;
				MTL_FAST_MATH = YES;
				ONLY_ACTIVE_ARCH = YES;
				SDKROOT = iphoneos;
				SWIFT_ACTIVE_COMPILATION_CONDITIONS = DEBUG;
				SWIFT_OPTIMIZATION_LEVEL = "-Onone";
				VERSIONING_SYSTEM = "apple-generic";
				VERSION_INFO_PREFIX = "";
			};
			name = Debug;
		};
		63755D9622FDD05800D161FA /* Release */ = {
			isa = XCBuildConfiguration;
			buildSettings = {
				ALWAYS_SEARCH_USER_PATHS = NO;
				CLANG_ANALYZER_NONNULL = YES;
				CLANG_ANALYZER_NUMBER_OBJECT_CONVERSION = YES_AGGRESSIVE;
				CLANG_CXX_LANGUAGE_STANDARD = "gnu++14";
				CLANG_CXX_LIBRARY = "libc++";
				CLANG_ENABLE_MODULES = YES;
				CLANG_ENABLE_OBJC_ARC = YES;
				CLANG_ENABLE_OBJC_WEAK = YES;
				CLANG_WARN_BLOCK_CAPTURE_AUTORELEASING = YES;
				CLANG_WARN_BOOL_CONVERSION = YES;
				CLANG_WARN_COMMA = YES;
				CLANG_WARN_CONSTANT_CONVERSION = YES;
				CLANG_WARN_DEPRECATED_OBJC_IMPLEMENTATIONS = YES;
				CLANG_WARN_DIRECT_OBJC_ISA_USAGE = YES_ERROR;
				CLANG_WARN_DOCUMENTATION_COMMENTS = YES;
				CLANG_WARN_EMPTY_BODY = YES;
				CLANG_WARN_ENUM_CONVERSION = YES;
				CLANG_WARN_INFINITE_RECURSION = YES;
				CLANG_WARN_INT_CONVERSION = YES;
				CLANG_WARN_NON_LITERAL_NULL_CONVERSION = YES;
				CLANG_WARN_OBJC_IMPLICIT_RETAIN_SELF = YES;
				CLANG_WARN_OBJC_LITERAL_CONVERSION = YES;
				CLANG_WARN_OBJC_ROOT_CLASS = YES_ERROR;
				CLANG_WARN_RANGE_LOOP_ANALYSIS = YES;
				CLANG_WARN_STRICT_PROTOTYPES = YES;
				CLANG_WARN_SUSPICIOUS_MOVE = YES;
				CLANG_WARN_UNGUARDED_AVAILABILITY = YES_AGGRESSIVE;
				CLANG_WARN_UNREACHABLE_CODE = YES;
				CLANG_WARN__DUPLICATE_METHOD_MATCH = YES;
				CODE_SIGN_IDENTITY = "iPhone Developer";
				COPY_PHASE_STRIP = NO;
				CURRENT_PROJECT_VERSION = 1;
				DEBUG_INFORMATION_FORMAT = "dwarf-with-dsym";
				ENABLE_NS_ASSERTIONS = NO;
				ENABLE_STRICT_OBJC_MSGSEND = YES;
				GCC_C_LANGUAGE_STANDARD = gnu11;
				GCC_NO_COMMON_BLOCKS = YES;
				GCC_WARN_64_TO_32_BIT_CONVERSION = YES;
				GCC_WARN_ABOUT_RETURN_TYPE = YES_ERROR;
				GCC_WARN_UNDECLARED_SELECTOR = YES;
				GCC_WARN_UNINITIALIZED_AUTOS = YES_AGGRESSIVE;
				GCC_WARN_UNUSED_FUNCTION = YES;
				GCC_WARN_UNUSED_VARIABLE = YES;
				IPHONEOS_DEPLOYMENT_TARGET = 12.4;
				MTL_ENABLE_DEBUG_INFO = NO;
				MTL_FAST_MATH = YES;
				SDKROOT = iphoneos;
				SWIFT_COMPILATION_MODE = wholemodule;
				SWIFT_OPTIMIZATION_LEVEL = "-O";
				VALIDATE_PRODUCT = YES;
				VERSIONING_SYSTEM = "apple-generic";
				VERSION_INFO_PREFIX = "";
			};
			name = Release;
		};
		63755D9822FDD05800D161FA /* Debug */ = {
			isa = XCBuildConfiguration;
			buildSettings = {
				CLANG_ENABLE_MODULES = YES;
				CODE_SIGN_IDENTITY = "";
				CODE_SIGN_STYLE = Automatic;
				DEFINES_MODULE = YES;
				DEVELOPMENT_TEAM = B9WY3RJPD5;
				DYLIB_COMPATIBILITY_VERSION = 1;
				DYLIB_CURRENT_VERSION = 1;
				DYLIB_INSTALL_NAME_BASE = "@rpath";
				FRAMEWORK_SEARCH_PATHS = (
					"$(inherited)",
					"$(PROJECT_DIR)/a4SysCoreIOS/Framework",
				);
				INFOPLIST_FILE = a4SysCoreIOS/Info.plist;
				INSTALL_PATH = "$(LOCAL_LIBRARY_DIR)/Frameworks";
				IPHONEOS_DEPLOYMENT_TARGET = 10.0;
				LD_RUNPATH_SEARCH_PATHS = (
					"$(inherited)",
					"@executable_path/Frameworks",
					"@loader_path/Frameworks",
				);
				PRODUCT_BUNDLE_IDENTIFIER = wwww.a4SysCoreIOS;
				PRODUCT_NAME = "$(TARGET_NAME:c99extidentifier)";
				SKIP_INSTALL = YES;
				SWIFT_OPTIMIZATION_LEVEL = "-Onone";
				SWIFT_VERSION = 4.2;
				TARGETED_DEVICE_FAMILY = "1,2";
			};
			name = Debug;
		};
		63755D9922FDD05800D161FA /* Release */ = {
			isa = XCBuildConfiguration;
			buildSettings = {
				CLANG_ENABLE_MODULES = YES;
				CODE_SIGN_IDENTITY = "";
				CODE_SIGN_STYLE = Automatic;
				DEFINES_MODULE = YES;
				DEVELOPMENT_TEAM = B9WY3RJPD5;
				DYLIB_COMPATIBILITY_VERSION = 1;
				DYLIB_CURRENT_VERSION = 1;
				DYLIB_INSTALL_NAME_BASE = "@rpath";
				FRAMEWORK_SEARCH_PATHS = (
					"$(inherited)",
					"$(PROJECT_DIR)/a4SysCoreIOS/Framework",
				);
				INFOPLIST_FILE = a4SysCoreIOS/Info.plist;
				INSTALL_PATH = "$(LOCAL_LIBRARY_DIR)/Frameworks";
				IPHONEOS_DEPLOYMENT_TARGET = 10.0;
				LD_RUNPATH_SEARCH_PATHS = (
					"$(inherited)",
					"@executable_path/Frameworks",
					"@loader_path/Frameworks",
				);
				PRODUCT_BUNDLE_IDENTIFIER = wwww.a4SysCoreIOS;
				PRODUCT_NAME = "$(TARGET_NAME:c99extidentifier)";
				SKIP_INSTALL = YES;
				SWIFT_VERSION = 4.2;
				TARGETED_DEVICE_FAMILY = "1,2";
			};
			name = Release;
		};
/* End XCBuildConfiguration section */

/* Begin XCConfigurationList section */
		63755D8922FDD05800D161FA /* Build configuration list for PBXProject "a4SysCoreIOS" */ = {
			isa = XCConfigurationList;
			buildConfigurations = (
				63755D9522FDD05800D161FA /* Debug */,
				63755D9622FDD05800D161FA /* Release */,
			);
			defaultConfigurationIsVisible = 0;
			defaultConfigurationName = Release;
		};
		63755D9722FDD05800D161FA /* Build configuration list for PBXNativeTarget "a4SysCoreIOS" */ = {
			isa = XCConfigurationList;
			buildConfigurations = (
				63755D9822FDD05800D161FA /* Debug */,
				63755D9922FDD05800D161FA /* Release */,
			);
			defaultConfigurationIsVisible = 0;
			defaultConfigurationName = Release;
		};
/* End XCConfigurationList section */
	};
	rootObject = 63755D8622FDD05800D161FA /* Project object */;
}
